
Microsoft Visual Studio Solution File, Format Version 12.00
# Visual Studio Version 16
VisualStudioVersion = 16.0.29306.81
MinimumVisualStudioVersion = 10.0.40219.1
Project("{FAE04EC0-301F-11D3-BF4B-00C04F79EFBC}") = "자료구조 강의 C샵", "자료구조 강의 C샵\자료구조 강의 C샵.csproj", "{42B77CEC-E568-4706-A775-D18EE4B314BB}"
EndProject
Global
	GlobalSection(SolutionConfigurationPlatforms) = preSolution
		Debug|Any CPU = Debug|Any CPU
		Release|Any CPU = Release|Any CPU
	EndGlobalSection
	GlobalSection(ProjectConfigurationPlatforms) = postSolution
		{42B77CEC-E568-4706-A775-D18EE4B314BB}.Debug|Any CPU.ActiveCfg = Debug|Any CPU
		{42B77CEC-E568-4706-A775-D18EE4B314BB}.Debug|Any CPU.Build.0 = Debug|Any CPU
		{42B77CEC-E568-4706-A775-D18EE4B314BB}.Release|Any CPU.ActiveCfg = Release|Any CPU
		{42B77CEC-E568-4706-A775-D18EE4B314BB}.Release|Any CPU.Build.0 = Release|Any CPU
	EndGlobalSection
	GlobalSection(SolutionProperties) = preSolution
		HideSolutionNode = FALSE
	EndGlobalSection
	GlobalSection(ExtensibilityGlobals) = postSolution
		SolutionGuid = {7314BD59-6C37-4BF4-9EF8-3F7EF8279482}
	EndGlobalSection
EndGlobal
